
Microsoft Visual Studio Solution File, Format Version 12.00
# Visual Studio 15
VisualStudioVersion = 15.0.27130.2036
MinimumVisualStudioVersion = 10.0.40219.1
Project("{FAE04EC0-301F-11D3-BF4B-00C04F79EFBC}") = "CakesbyTiney", "CakesbyTiney\CakesbyTiney.csproj", "{AF09A6F3-678D-4CB5-92D9-3FEA9A782CAE}"
EndProject
Global
	GlobalSection(SolutionConfigurationPlatforms) = preSolution
		Debug|Any CPU = Debug|Any CPU
		Release|Any CPU = Release|Any CPU
	EndGlobalSection
	GlobalSection(ProjectConfigurationPlatforms) = postSolution
		{AF09A6F3-678D-4CB5-92D9-3FEA9A782CAE}.Debug|Any CPU.ActiveCfg = Debug|Any CPU
		{AF09A6F3-678D-4CB5-92D9-3FEA9A782CAE}.Debug|Any CPU.Build.0 = Debug|Any CPU
		{AF09A6F3-678D-4CB5-92D9-3FEA9A782CAE}.Release|Any CPU.ActiveCfg = Release|Any CPU
		{AF09A6F3-678D-4CB5-92D9-3FEA9A782CAE}.Release|Any CPU.Build.0 = Release|Any CPU
	EndGlobalSection
	GlobalSection(SolutionProperties) = preSolution
		HideSolutionNode = FALSE
	EndGlobalSection
	GlobalSection(ExtensibilityGlobals) = postSolution
		SolutionGuid = {7ED04050-8712-4DD1-9525-2BBAD04A56EB}
	EndGlobalSection
EndGlobal
